// !$*UTF8*$!
{
	archiveVersion = 1;
	classes = {
	};
	objectVersion = 46;
	objects = {

/* Begin PBXBuildFile section */
		243698211CAA4B2F0027B0B7 /* main.m in Sources */ = {isa = PBXBuildFile; fileRef = 243698201CAA4B2F0027B0B7 /* main.m */; };
		243698241CAA4B2F0027B0B7 /* AppDelegate.m in Sources */ = {isa = PBXBuildFile; fileRef = 243698231CAA4B2F0027B0B7 /* AppDelegate.m */; };
		243698271CAA4B2F0027B0B7 /* ViewController.m in Sources */ = {isa = PBXBuildFile; fileRef = 243698261CAA4B2F0027B0B7 /* ViewController.m */; };
		2436982A1CAA4B2F0027B0B7 /* Main.storyboard in Resources */ = {isa = PBXBuildFile; fileRef = 243698281CAA4B2F0027B0B7 /* Main.storyboard */; };
		2436982C1CAA4B2F0027B0B7 /* Assets.xcassets in Resources */ = {isa = PBXBuildFile; fileRef = 2436982B1CAA4B2F0027B0B7 /* Assets.xcassets */; };
		2436982F1CAA4B2F0027B0B7 /* LaunchScreen.storyboard in Resources */ = {isa = PBXBuildFile; fileRef = 2436982D1CAA4B2F0027B0B7 /* LaunchScreen.storyboard */; };
		2436983A1CAA4B2F0027B0B7 /* storgeCheckTests.m in Sources */ = {isa = PBXBuildFile; fileRef = 243698391CAA4B2F0027B0B7 /* storgeCheckTests.m */; };
		243698451CAA4B2F0027B0B7 /* storgeCheckUITests.m in Sources */ = {isa = PBXBuildFile; fileRef = 243698441CAA4B2F0027B0B7 /* storgeCheckUITests.m */; };
/* End PBXBuildFile section */

/* Begin PBXContainerItemProxy section */
		243698361CAA4B2F0027B0B7 /* PBXContainerItemProxy */ = {
			isa = PBXContainerItemProxy;
			containerPortal = 243698141CAA4B2E0027B0B7 /* Project object */;
			proxyType = 1;
			remoteGlobalIDString = 2436981B1CAA4B2E0027B0B7;
			remoteInfo = storgeCheck;
		};
		243698411CAA4B2F0027B0B7 /* PBXContainerItemProxy */ = {
			isa = PBXContainerItemProxy;
			containerPortal = 243698141CAA4B2E0027B0B7 /* Project object */;
			proxyType = 1;
			remoteGlobalIDString = 2436981B1CAA4B2E0027B0B7;
			remoteInfo = storgeCheck;
		};
/* End PBXContainerItemProxy section */

/* Begin PBXFileReference section */
		2436981C1CAA4B2E0027B0B7 /* storgeCheck.app */ = {isa = PBXFileReference; explicitFileType = wrapper.application; includeInIndex = 0; path = storgeCheck.app; sourceTree = BUILT_PRODUCTS_DIR; };
		243698201CAA4B2F0027B0B7 /* main.m */ = {isa = PBXFileReference; lastKnownFileType = sourcecode.c.objc; path = main.m; sourceTree = "<group>"; };
		243698221CAA4B2F0027B0B7 /* AppDelegate.h */ = {isa = PBXFileReference; lastKnownFileType = sourcecode.c.h; path = AppDelegate.h; sourceTree = "<group>"; };
		243698231CAA4B2F0027B0B7 /* AppDelegate.m */ = {isa = PBXFileReference; lastKnownFileType = sourcecode.c.objc; path = AppDelegate.m; sourceTree = "<group>"; };
		243698251CAA4B2F0027B0B7 /* ViewController.h */ = {isa = PBXFileReference; lastKnownFileType = sourcecode.c.h; path = ViewController.h; sourceTree = "<group>"; };
		243698261CAA4B2F0027B0B7 /* ViewController.m */ = {isa = PBXFileReference; lastKnownFileType = sourcecode.c.objc; path = ViewController.m; sourceTree = "<group>"; };
		243698291CAA4B2F0027B0B7 /* Base */ = {isa = PBXFileReference; lastKnownFileType = file.storyboard; name = Base; path = Base.lproj/Main.storyboard; sourceTree = "<group>"; };
		2436982B1CAA4B2F0027B0B7 /* Assets.xcassets */ = {isa = PBXFileReference; lastKnownFileType = folder.assetcatalog; path = Assets.xcassets; sourceTree = "<group>"; };
		2436982E1CAA4B2F0027B0B7 /* Base */ = {isa = PBXFileReference; lastKnownFileType = file.storyboard; name = Base; path = Base.lproj/LaunchScreen.storyboard; sourceTree = "<group>"; };
		243698301CAA4B2F0027B0B7 /* Info.plist */ = {isa = PBXFileReference; lastKnownFileType = text.plist.xml; path = Info.plist; sourceTree = "<group>"; };
		243698351CAA4B2F0027B0B7 /* storgeCheckTests.xctest */ = {isa = PBXFileReference; explicitFileType = wrapper.cfbundle; includeInIndex = 0; path = storgeCheckTests.xctest; sourceTree = BUILT_PRODUCTS_DIR; };
		243698391CAA4B2F0027B0B7 /* storgeCheckTests.m */ = {isa = PBXFileReference; lastKnownFileType = sourcecode.c.objc; path = storgeCheckTests.m; sourceTree = "<group>"; };
		2436983B1CAA4B2F0027B0B7 /* Info.plist */ = {isa = PBXFileReference; lastKnownFileType = text.plist.xml; path = Info.plist; sourceTree = "<group>"; };
		243698401CAA4B2F0027B0B7 /* storgeCheckUITests.xctest */ = {isa = PBXFileReference; explicitFileType = wrapper.cfbundle; includeInIndex = 0; path = storgeCheckUITests.xctest; sourceTree = BUILT_PRODUCTS_DIR; };
		243698441CAA4B2F0027B0B7 /* storgeCheckUITests.m */ = {isa = PBXFileReference; lastKnownFileType = sourcecode.c.objc; path = storgeCheckUITests.m; sourceTree = "<group>"; };
		243698461CAA4B2F0027B0B7 /* Info.plist */ = {isa = PBXFileReference; lastKnownFileType = text.plist.xml; path = Info.plist; sourceTree = "<group>"; };
/* End PBXFileReference section */

/* Begin PBXFrameworksBuildPhase section */
		243698191CAA4B2E0027B0B7 /* Frameworks */ = {
			isa = PBXFrameworksBuildPhase;
			buildActionMask = 2147483647;
			files = (
			);
			runOnlyForDeploymentPostprocessing = 0;
		};
		243698321CAA4B2F0027B0B7 /* Frameworks */ = {
			isa = PBXFrameworksBuildPhase;
			buildActionMask = 2147483647;
			files = (
			);
			runOnlyForDeploymentPostprocessing = 0;
		};
		2436983D1CAA4B2F0027B0B7 /* Frameworks */ = {
			isa = PBXFrameworksBuildPhase;
			buildActionMask = 2147483647;
			files = (
			);
			runOnlyForDeploymentPostprocessing = 0;
		};
/* End PBXFrameworksBuildPhase section */

/* Begin PBXGroup section */
		243698131CAA4B2E0027B0B7 = {
			isa = PBXGroup;
			children = (
				2436981E1CAA4B2F0027B0B7 /* storgeCheck */,
				243698381CAA4B2F0027B0B7 /* storgeCheckTests */,
				243698431CAA4B2F0027B0B7 /* storgeCheckUITests */,
				2436981D1CAA4B2E0027B0B7 /* Products */,
			);
			sourceTree = "<group>";
		};
		2436981D1CAA4B2E0027B0B7 /* Products */ = {
			isa = PBXGroup;
			children = (
				2436981C1CAA4B2E0027B0B7 /* storgeCheck.app */,
				243698351CAA4B2F0027B0B7 /* storgeCheckTests.xctest */,
				243698401CAA4B2F0027B0B7 /* storgeCheckUITests.xctest */,
			);
			name = Products;
			sourceTree = "<group>";
		};
		2436981E1CAA4B2F0027B0B7 /* storgeCheck */ = {
			isa = PBXGroup;
			children = (
				243698221CAA4B2F0027B0B7 /* AppDelegate.h */,
				243698231CAA4B2F0027B0B7 /* AppDelegate.m */,
				243698251CAA4B2F0027B0B7 /* ViewController.h */,
				243698261CAA4B2F0027B0B7 /* ViewController.m */,
				243698281CAA4B2F0027B0B7 /* Main.storyboard */,
				2436982B1CAA4B2F0027B0B7 /* Assets.xcassets */,
				2436982D1CAA4B2F0027B0B7 /* LaunchScreen.storyboard */,
				243698301CAA4B2F0027B0B7 /* Info.plist */,
				2436981F1CAA4B2F0027B0B7 /* Supporting Files */,
			);
			path = storgeCheck;
			sourceTree = "<group>";
		};
		2436981F1CAA4B2F0027B0B7 /* Supporting Files */ = {
			isa = PBXGroup;
			children = (
				243698201CAA4B2F0027B0B7 /* main.m */,
			);
			name = "Supporting Files";
			sourceTree = "<group>";
		};
		243698381CAA4B2F0027B0B7 /* storgeCheckTests */ = {
			isa = PBXGroup;
			children = (
				243698391CAA4B2F0027B0B7 /* storgeCheckTests.m */,
				2436983B1CAA4B2F0027B0B7 /* Info.plist */,
			);
			path = storgeCheckTests;
			sourceTree = "<group>";
		};
		243698431CAA4B2F0027B0B7 /* storgeCheckUITests */ = {
			isa = PBXGroup;
			children = (
				243698441CAA4B2F0027B0B7 /* storgeCheckUITests.m */,
				243698461CAA4B2F0027B0B7 /* Info.plist */,
			);
			path = storgeCheckUITests;
			sourceTree = "<group>";
		};
/* End PBXGroup section */

/* Begin PBXNativeTarget section */
		2436981B1CAA4B2E0027B0B7 /* storgeCheck */ = {
			isa = PBXNativeTarget;
			buildConfigurationList = 243698491CAA4B2F0027B0B7 /* Build configuration list for PBXNativeTarget "storgeCheck" */;
			buildPhases = (
				243698181CAA4B2E0027B0B7 /* Sources */,
				243698191CAA4B2E0027B0B7 /* Frameworks */,
				2436981A1CAA4B2E0027B0B7 /* Resources */,
			);
			buildRules = (
			);
			dependencies = (
			);
			name = storgeCheck;
			productName = storgeCheck;
			productReference = 2436981C1CAA4B2E0027B0B7 /* storgeCheck.app */;
			productType = "com.apple.product-type.application";
		};
		243698341CAA4B2F0027B0B7 /* storgeCheckTests */ = {
			isa = PBXNativeTarget;
			buildConfigurationList = 2436984C1CAA4B2F0027B0B7 /* Build configuration list for PBXNativeTarget "storgeCheckTests" */;
			buildPhases = (
				243698311CAA4B2F0027B0B7 /* Sources */,
				243698321CAA4B2F0027B0B7 /* Frameworks */,
				243698331CAA4B2F0027B0B7 /* Resources */,
			);
			buildRules = (
			);
			dependencies = (
				243698371CAA4B2F0027B0B7 /* PBXTargetDependency */,
			);
			name = storgeCheckTests;
			productName = storgeCheckTests;
			productReference = 243698351CAA4B2F0027B0B7 /* storgeCheckTests.xctest */;
			productType = "com.apple.product-type.bundle.unit-test";
		};
		2436983F1CAA4B2F0027B0B7 /* storgeCheckUITests */ = {
			isa = PBXNativeTarget;
			buildConfigurationList = 2436984F1CAA4B2F0027B0B7 /* Build configuration list for PBXNativeTarget "storgeCheckUITests" */;
			buildPhases = (
				2436983C1CAA4B2F0027B0B7 /* Sources */,
				2436983D1CAA4B2F0027B0B7 /* Frameworks */,
				2436983E1CAA4B2F0027B0B7 /* Resources */,
			);
			buildRules = (
			);
			dependencies = (
				243698421CAA4B2F0027B0B7 /* PBXTargetDependency */,
			);
			name = storgeCheckUITests;
			productName = storgeCheckUITests;
			productReference = 243698401CAA4B2F0027B0B7 /* storgeCheckUITests.xctest */;
			productType = "com.apple.product-type.bundle.ui-testing";
		};
/* End PBXNativeTarget section */

/* Begin PBXProject section */
		243698141CAA4B2E0027B0B7 /* Project object */ = {
			isa = PBXProject;
			attributes = {
				LastUpgradeCheck = 0730;
				ORGANIZATIONNAME = com.mis.geng;
				TargetAttributes = {
					2436981B1CAA4B2E0027B0B7 = {
						CreatedOnToolsVersion = 7.3;
					};
					243698341CAA4B2F0027B0B7 = {
						CreatedOnToolsVersion = 7.3;
						TestTargetID = 2436981B1CAA4B2E0027B0B7;
					};
					2436983F1CAA4B2F0027B0B7 = {
						CreatedOnToolsVersion = 7.3;
						TestTargetID = 2436981B1CAA4B2E0027B0B7;
					};
				};
			};
			buildConfigurationList = 243698171CAA4B2E0027B0B7 /* Build configuration list for PBXProject "storgeCheck" */;
			compatibilityVersion = "Xcode 3.2";
			developmentRegion = English;
			hasScannedForEncodings = 0;
			knownRegions = (
				en,
				Base,
			);
			mainGroup = 243698131CAA4B2E0027B0B7;
			productRefGroup = 2436981D1CAA4B2E0027B0B7 /* Products */;
			projectDirPath = "";
			projectRoot = "";
			targets = (
				2436981B1CAA4B2E0027B0B7 /* storgeCheck */,
				243698341CAA4B2F0027B0B7 /* storgeCheckTests */,
				2436983F1CAA4B2F0027B0B7 /* storgeCheckUITests */,
			);
		};
/* End PBXProject section */

/* Begin PBXResourcesBuildPhase section */
		2436981A1CAA4B2E0027B0B7 /* Resources */ = {
			isa = PBXResourcesBuildPhase;
			buildActionMask = 2147483647;
			files = (
				2436982F1CAA4B2F0027B0B7 /* LaunchScreen.storyboard in Resources */,
				2436982C1CAA4B2F0027B0B7 /* Assets.xcassets in Resources */,
				2436982A1CAA4B2F0027B0B7 /* Main.storyboard in Resources */,
			);
			runOnlyForDeploymentPostprocessing = 0;
		};
		243698331CAA4B2F0027B0B7 /* Resources */ = {
			isa = PBXResourcesBuildPhase;
			buildActionMask = 2147483647;
			files = (
			);
			runOnlyForDeploymentPostprocessing = 0;
		};
		2436983E1CAA4B2F0027B0B7 /* Resources */ = {
			isa = PBXResourcesBuildPhase;
			buildActionMask = 2147483647;
			files = (
			);
			runOnlyForDeploymentPostprocessing = 0;
		};
/* End PBXResourcesBuildPhase section */

/* Begin PBXSourcesBuildPhase section */
		243698181CAA4B2E0027B0B7 /* Sources */ = {
			isa = PBXSourcesBuildPhase;
			buildActionMask = 2147483647;
			files = (
				243698271CAA4B2F0027B0B7 /* ViewController.m in Sources */,
				243698241CAA4B2F0027B0B7 /* AppDelegate.m in Sources */,
				243698211CAA4B2F0027B0B7 /* main.m in Sources */,
			);
			runOnlyForDeploymentPostprocessing = 0;
		};
		243698311CAA4B2F0027B0B7 /* Sources */ = {
			isa = PBXSourcesBuildPhase;
			buildActionMask = 2147483647;
			files = (
				2436983A1CAA4B2F0027B0B7 /* storgeCheckTests.m in Sources */,
			);
			runOnlyForDeploymentPostprocessing = 0;
		};
		2436983C1CAA4B2F0027B0B7 /* Sources */ = {
			isa = PBXSourcesBuildPhase;
			buildActionMask = 2147483647;
			files = (
				243698451CAA4B2F0027B0B7 /* storgeCheckUITests.m in Sources */,
			);
			runOnlyForDeploymentPostprocessing = 0;
		};
/* End PBXSourcesBuildPhase section */

/* Begin PBXTargetDependency section */
		243698371CAA4B2F0027B0B7 /* PBXTargetDependency */ = {
			isa = PBXTargetDependency;
			target = 2436981B1CAA4B2E0027B0B7 /* storgeCheck */;
			targetProxy = 243698361CAA4B2F0027B0B7 /* PBXContainerItemProxy */;
		};
		243698421CAA4B2F0027B0B7 /* PBXTargetDependency */ = {
			isa = PBXTargetDependency;
			target = 2436981B1CAA4B2E0027B0B7 /* storgeCheck */;
			targetProxy = 243698411CAA4B2F0027B0B7 /* PBXContainerItemProxy */;
		};
/* End PBXTargetDependency section */

/* Begin PBXVariantGroup section */
		243698281CAA4B2F0027B0B7 /* Main.storyboard */ = {
			isa = PBXVariantGroup;
			children = (
				243698291CAA4B2F0027B0B7 /* Base */,
			);
			name = Main.storyboard;
			sourceTree = "<group>";
		};
		2436982D1CAA4B2F0027B0B7 /* LaunchScreen.storyboard */ = {
			isa = PBXVariantGroup;
			children = (
				2436982E1CAA4B2F0027B0B7 /* Base */,
			);
			name = LaunchScreen.storyboard;
			sourceTree = "<group>";
		};
/* End PBXVariantGroup section */

/* Begin XCBuildConfiguration section */
		243698471CAA4B2F0027B0B7 /* Debug */ = {
			isa = XCBuildConfiguration;
			buildSettings = {
				ALWAYS_SEARCH_USER_PATHS = NO;
				CLANG_ANALYZER_NONNULL = YES;
				CLANG_CXX_LANGUAGE_STANDARD = "gnu++0x";
				CLANG_CXX_LIBRARY = "libc++";
				CLANG_ENABLE_MODULES = YES;
				CLANG_ENABLE_OBJC_ARC = YES;
				CLANG_WARN_BOOL_CONVERSION = YES;
				CLANG_WARN_CONSTANT_CONVERSION = YES;
				CLANG_WARN_DIRECT_OBJC_ISA_USAGE = YES_ERROR;
				CLANG_WARN_EMPTY_BODY = YES;
				CLANG_WARN_ENUM_CONVERSION = YES;
				CLANG_WARN_INT_CONVERSION = YES;
				CLANG_WARN_OBJC_ROOT_CLASS = YES_ERROR;
				CLANG_WARN_UNREACHABLE_CODE = YES;
				CLANG_WARN__DUPLICATE_METHOD_MATCH = YES;
				"CODE_SIGN_IDENTITY[sdk=iphoneos*]" = "iPhone Developer";
				COPY_PHASE_STRIP = NO;
				DEBUG_INFORMATION_FORMAT = dwarf;
				ENABLE_STRICT_OBJC_MSGSEND = YES;
				ENABLE_TESTABILITY = YES;
				GCC_C_LANGUAGE_STANDARD = gnu99;
				GCC_DYNAMIC_NO_PIC = NO;
				GCC_NO_COMMON_BLOCKS = YES;
				GCC_OPTIMIZATION_LEVEL = 0;
				GCC_PREPROCESSOR_DEFINITIONS = (
					"DEBUG=1",
					"$(inherited)",
				);
				GCC_WARN_64_TO_32_BIT_CONVERSION = YES;
				GCC_WARN_ABOUT_RETURN_TYPE = YES_ERROR;
				GCC_WARN_UNDECLARED_SELECTOR = YES;
				GCC_WARN_UNINITIALIZED_AUTOS = YES_AGGRESSIVE;
				GCC_WARN_UNUSED_FUNCTION = YES;
				GCC_WARN_UNUSED_VARIABLE = YES;
				IPHONEOS_DEPLOYMENT_TARGET = 9.3;
				MTL_ENABLE_DEBUG_INFO = YES;
				ONLY_ACTIVE_ARCH = YES;
				SDKROOT = iphoneos;
				TARGETED_DEVICE_FAMILY = "1,2";
			};
			name = Debug;
		};
		243698481CAA4B2F0027B0B7 /* Release */ = {
			isa = XCBuildConfiguration;
			buildSettings = {
				ALWAYS_SEARCH_USER_PATHS = NO;
				CLANG_ANALYZER_NONNULL = YES;
				CLANG_CXX_LANGUAGE_STANDARD = "gnu++0x";
				CLANG_CXX_LIBRARY = "libc++";
				CLANG_ENABLE_MODULES = YES;
				CLANG_ENABLE_OBJC_ARC = YES;
				CLANG_WARN_BOOL_CONVERSION = YES;
				CLANG_WARN_CONSTANT_CONVERSION = YES;
				CLANG_WARN_DIRECT_OBJC_ISA_USAGE = YES_ERROR;
				CLANG_WARN_EMPTY_BODY = YES;
				CLANG_WARN_ENUM_CONVERSION = YES;
				CLANG_WARN_INT_CONVERSION = YES;
				CLANG_WARN_OBJC_ROOT_CLASS = YES_ERROR;
				CLANG_WARN_UNREACHABLE_CODE = YES;
				CLANG_WARN__DUPLICATE_METHOD_MATCH = YES;
				"CODE_SIGN_IDENTITY[sdk=iphoneos*]" = "iPhone Developer";
				COPY_PHASE_STRIP = NO;
				DEBUG_INFORMATION_FORMAT = "dwarf-with-dsym";
				ENABLE_NS_ASSERTIONS = NO;
				ENABLE_STRICT_OBJC_MSGSEND = YES;
				GCC_C_LANGUAGE_STANDARD = gnu99;
				GCC_NO_COMMON_BLOCKS = YES;
				GCC_WARN_64_TO_32_BIT_CONVERSION = YES;
				GCC_WARN_ABOUT_RETURN_TYPE = YES_ERROR;
				GCC_WARN_UNDECLARED_SELECTOR = YES;
				GCC_WARN_UNINITIALIZED_AUTOS = YES_AGGRESSIVE;
				GCC_WARN_UNUSED_FUNCTION = YES;
				GCC_WARN_UNUSED_VARIABLE = YES;
				IPHONEOS_DEPLOYMENT_TARGET = 9.3;
				MTL_ENABLE_DEBUG_INFO = NO;
				SDKROOT = iphoneos;
				TARGETED_DEVICE_FAMILY = "1,2";
				VALIDATE_PRODUCT = YES;
			};
			name = Release;
		};
		2436984A1CAA4B2F0027B0B7 /* Debug */ = {
			isa = XCBuildConfiguration;
			buildSettings = {
				ASSETCATALOG_COMPILER_APPICON_NAME = AppIcon;
				INFOPLIST_FILE = storgeCheck/Info.plist;
				LD_RUNPATH_SEARCH_PATHS = "$(inherited) @executable_path/Frameworks";
				PRODUCT_BUNDLE_IDENTIFIER = com.mis..storgeCheck;
				PRODUCT_NAME = "$(TARGET_NAME)";
			};
			name = Debug;
		};
		2436984B1CAA4B2F0027B0B7 /* Release */ = {
			isa = XCBuildConfiguration;
			buildSettings = {
				ASSETCATALOG_COMPILER_APPICON_NAME = AppIcon;
				INFOPLIST_FILE = storgeCheck/Info.plist;
				LD_RUNPATH_SEARCH_PATHS = "$(inherited) @executable_path/Frameworks";
				PRODUCT_BUNDLE_IDENTIFIER = com.mis..storgeCheck;
				PRODUCT_NAME = "$(TARGET_NAME)";
			};
			name = Release;
		};
		2436984D1CAA4B2F0027B0B7 /* Debug */ = {
			isa = XCBuildConfiguration;
			buildSettings = {
				BUNDLE_LOADER = "$(TEST_HOST)";
				INFOPLIST_FILE = storgeCheckTests/Info.plist;
				LD_RUNPATH_SEARCH_PATHS = "$(inherited) @executable_path/Frameworks @loader_path/Frameworks";
				PRODUCT_BUNDLE_IDENTIFIER = com.mis..storgeCheckTests;
				PRODUCT_NAME = "$(TARGET_NAME)";
				TEST_HOST = "$(BUILT_PRODUCTS_DIR)/storgeCheck.app/storgeCheck";
			};
			name = Debug;
		};
		2436984E1CAA4B2F0027B0B7 /* Release */ = {
			isa = XCBuildConfiguration;
			buildSettings = {
				BUNDLE_LOADER = "$(TEST_HOST)";
				INFOPLIST_FILE = storgeCheckTests/Info.plist;
				LD_RUNPATH_SEARCH_PATHS = "$(inherited) @executable_path/Frameworks @loader_path/Frameworks";
				PRODUCT_BUNDLE_IDENTIFIER = com.mis..storgeCheckTests;
				PRODUCT_NAME = "$(TARGET_NAME)";
				TEST_HOST = "$(BUILT_PRODUCTS_DIR)/storgeCheck.app/storgeCheck";
			};
			name = Release;
		};
		243698501CAA4B2F0027B0B7 /* Debug */ = {
			isa = XCBuildConfiguration;
			buildSettings = {
				INFOPLIST_FILE = storgeCheckUITests/Info.plist;
				LD_RUNPATH_SEARCH_PATHS = "$(inherited) @executable_path/Frameworks @loader_path/Frameworks";
				PRODUCT_BUNDLE_IDENTIFIER = com.mis..storgeCheckUITests;
				PRODUCT_NAME = "$(TARGET_NAME)";
				TEST_TARGET_NAME = storgeCheck;
			};
			name = Debug;
		};
		243698511CAA4B2F0027B0B7 /* Release */ = {
			isa = XCBuildConfiguration;
			buildSettings = {
				INFOPLIST_FILE = storgeCheckUITests/Info.plist;
				LD_RUNPATH_SEARCH_PATHS = "$(inherited) @executable_path/Frameworks @loader_path/Frameworks";
				PRODUCT_BUNDLE_IDENTIFIER = com.mis..storgeCheckUITests;
				PRODUCT_NAME = "$(TARGET_NAME)";
				TEST_TARGET_NAME = storgeCheck;
			};
			name = Release;
		};
/* End XCBuildConfiguration section */

/* Begin XCConfigurationList section */
		243698171CAA4B2E0027B0B7 /* Build configuration list for PBXProject "storgeCheck" */ = {
			isa = XCConfigurationList;
			buildConfigurations = (
				243698471CAA4B2F0027B0B7 /* Debug */,
				243698481CAA4B2F0027B0B7 /* Release */,
			);
			defaultConfigurationIsVisible = 0;
			defaultConfigurationName = Release;
		};
		243698491CAA4B2F0027B0B7 /* Build configuration list for PBXNativeTarget "storgeCheck" */ = {
			isa = XCConfigurationList;
			buildConfigurations = (
				2436984A1CAA4B2F0027B0B7 /* Debug */,
				2436984B1CAA4B2F0027B0B7 /* Release */,
			);
			defaultConfigurationIsVisible = 0;
		};
		2436984C1CAA4B2F0027B0B7 /* Build configuration list for PBXNativeTarget "storgeCheckTests" */ = {
			isa = XCConfigurationList;
			buildConfigurations = (
				2436984D1CAA4B2F0027B0B7 /* Debug */,
				2436984E1CAA4B2F0027B0B7 /* Release */,
			);
			defaultConfigurationIsVisible = 0;
		};
		2436984F1CAA4B2F0027B0B7 /* Build configuration list for PBXNativeTarget "storgeCheckUITests" */ = {
			isa = XCConfigurationList;
			buildConfigurations = (
				243698501CAA4B2F0027B0B7 /* Debug */,
				243698511CAA4B2F0027B0B7 /* Release */,
			);
			defaultConfigurationIsVisible = 0;
		};
/* End XCConfigurationList section */
	};
	rootObject = 243698141CAA4B2E0027B0B7 /* Project object */;
}
